
Microsoft Visual Studio Solution File, Format Version 12.00
# Visual Studio Version 17
VisualStudioVersion = 17.5.33424.131
MinimumVisualStudioVersion = 10.0.40219.1
Project("{FAE04EC0-301F-11D3-BF4B-00C04F79EFBC}") = "UnityVRMod_ML_Template", "UnityVRMod_ML_Template\UnityVRMod_ML_Template.csproj", "{7BABE758-232A-4686-A1B0-9372929552FE}"
EndProject
Global
	GlobalSection(SolutionConfigurationPlatforms) = preSolution
		Debug|Any CPU = Debug|Any CPU
		Release|Any CPU = Release|Any CPU
	EndGlobalSection
	GlobalSection(ProjectConfigurationPlatforms) = postSolution
		{7BABE758-232A-4686-A1B0-9372929552FE}.Debug|Any CPU.ActiveCfg = Debug|Any CPU
		{7BABE758-232A-4686-A1B0-9372929552FE}.Debug|Any CPU.Build.0 = Debug|Any CPU
		{7BABE758-232A-4686-A1B0-9372929552FE}.Release|Any CPU.ActiveCfg = Release|Any CPU
		{7BABE758-232A-4686-A1B0-9372929552FE}.Release|Any CPU.Build.0 = Release|Any CPU
	EndGlobalSection
	GlobalSection(SolutionProperties) = preSolution
		HideSolutionNode = FALSE
	EndGlobalSection
	GlobalSection(ExtensibilityGlobals) = postSolution
		SolutionGuid = {3E77A5A3-10C0-4849-BDCD-A3C3EC9A9C3A}
	EndGlobalSection
EndGlobal
